// !$*UTF8*$!
{
	archiveVersion = 1;
	classes = {
	};
	objectVersion = 46;
	objects = {

/* Begin PBXBuildFile section */
		4D8ED5976F6754AB88E448F6 /* Pods_ChatApp.framework in Frameworks */ = {isa = PBXBuildFile; fileRef = 2780DC4388EAA9E46C999C39 /* Pods_ChatApp.framework */; };
		889854831EF313BD00692FAF /* AppDelegate.swift in Sources */ = {isa = PBXBuildFile; fileRef = 889854821EF313BD00692FAF /* AppDelegate.swift */; };
		889854851EF313BD00692FAF /* ViewController.swift in Sources */ = {isa = PBXBuildFile; fileRef = 889854841EF313BD00692FAF /* ViewController.swift */; };
		889854881EF313BD00692FAF /* Main.storyboard in Resources */ = {isa = PBXBuildFile; fileRef = 889854861EF313BD00692FAF /* Main.storyboard */; };
		8898548A1EF313BD00692FAF /* Assets.xcassets in Resources */ = {isa = PBXBuildFile; fileRef = 889854891EF313BD00692FAF /* Assets.xcassets */; };
		8898548D1EF313BD00692FAF /* LaunchScreen.storyboard in Resources */ = {isa = PBXBuildFile; fileRef = 8898548B1EF313BD00692FAF /* LaunchScreen.storyboard */; };
		889854961EF32F6000692FAF /* LoginControlller.swift in Sources */ = {isa = PBXBuildFile; fileRef = 889854951EF32F6000692FAF /* LoginControlller.swift */; };
		889854981F0184A000692FAF /* game-of-wolf.jpg in Resources */ = {isa = PBXBuildFile; fileRef = 889854971F0184A000692FAF /* game-of-wolf.jpg */; };
		8898549A1F01DA6A00692FAF /* GoogleService-Info.plist in Resources */ = {isa = PBXBuildFile; fileRef = 889854991F01DA6A00692FAF /* GoogleService-Info.plist */; };
/* End PBXBuildFile section */

/* Begin PBXFileReference section */
		19E6E39A2E60AFD69C57D8F8 /* Pods-ChatApp.debug.xcconfig */ = {isa = PBXFileReference; includeInIndex = 1; lastKnownFileType = text.xcconfig; name = "Pods-ChatApp.debug.xcconfig"; path = "Pods/Target Support Files/Pods-ChatApp/Pods-ChatApp.debug.xcconfig"; sourceTree = "<group>"; };
		22F84775718F8754A97E26AA /* Pods-ChatApp.release.xcconfig */ = {isa = PBXFileReference; includeInIndex = 1; lastKnownFileType = text.xcconfig; name = "Pods-ChatApp.release.xcconfig"; path = "Pods/Target Support Files/Pods-ChatApp/Pods-ChatApp.release.xcconfig"; sourceTree = "<group>"; };
		2780DC4388EAA9E46C999C39 /* Pods_ChatApp.framework */ = {isa = PBXFileReference; explicitFileType = wrapper.framework; includeInIndex = 0; path = Pods_ChatApp.framework; sourceTree = BUILT_PRODUCTS_DIR; };
		8898547F1EF313BD00692FAF /* ChatApp.app */ = {isa = PBXFileReference; explicitFileType = wrapper.application; includeInIndex = 0; path = ChatApp.app; sourceTree = BUILT_PRODUCTS_DIR; };
		889854821EF313BD00692FAF /* AppDelegate.swift */ = {isa = PBXFileReference; lastKnownFileType = sourcecode.swift; path = AppDelegate.swift; sourceTree = "<group>"; };
		889854841EF313BD00692FAF /* ViewController.swift */ = {isa = PBXFileReference; lastKnownFileType = sourcecode.swift; path = ViewController.swift; sourceTree = "<group>"; };
		889854871EF313BD00692FAF /* Base */ = {isa = PBXFileReference; lastKnownFileType = file.storyboard; name = Base; path = Base.lproj/Main.storyboard; sourceTree = "<group>"; };
		889854891EF313BD00692FAF /* Assets.xcassets */ = {isa = PBXFileReference; lastKnownFileType = folder.assetcatalog; path = Assets.xcassets; sourceTree = "<group>"; };
		8898548C1EF313BD00692FAF /* Base */ = {isa = PBXFileReference; lastKnownFileType = file.storyboard; name = Base; path = Base.lproj/LaunchScreen.storyboard; sourceTree = "<group>"; };
		8898548E1EF313BD00692FAF /* Info.plist */ = {isa = PBXFileReference; lastKnownFileType = text.plist.xml; path = Info.plist; sourceTree = "<group>"; };
		889854951EF32F6000692FAF /* LoginControlller.swift */ = {isa = PBXFileReference; fileEncoding = 4; lastKnownFileType = sourcecode.swift; path = LoginControlller.swift; sourceTree = "<group>"; };
		889854971F0184A000692FAF /* game-of-wolf.jpg */ = {isa = PBXFileReference; lastKnownFileType = image.jpeg; path = "game-of-wolf.jpg"; sourceTree = "<group>"; };
		889854991F01DA6A00692FAF /* GoogleService-Info.plist */ = {isa = PBXFileReference; fileEncoding = 4; lastKnownFileType = text.plist.xml; path = "GoogleService-Info.plist"; sourceTree = "<group>"; };
/* End PBXFileReference section */

/* Begin PBXFrameworksBuildPhase section */
		8898547C1EF313BD00692FAF /* Frameworks */ = {
			isa = PBXFrameworksBuildPhase;
			buildActionMask = 2147483647;
			files = (
				4D8ED5976F6754AB88E448F6 /* Pods_ChatApp.framework in Frameworks */,
			);
			runOnlyForDeploymentPostprocessing = 0;
		};
/* End PBXFrameworksBuildPhase section */

/* Begin PBXGroup section */
		889854761EF313BD00692FAF = {
			isa = PBXGroup;
			children = (
				889854811EF313BD00692FAF /* ChatApp */,
				889854801EF313BD00692FAF /* Products */,
				B8BDDF9DDCAE8D8EC35CF05C /* Pods */,
				D42FF969D4AA1377D27C7E0B /* Frameworks */,
			);
			sourceTree = "<group>";
		};
		889854801EF313BD00692FAF /* Products */ = {
			isa = PBXGroup;
			children = (
				8898547F1EF313BD00692FAF /* ChatApp.app */,
			);
			name = Products;
			sourceTree = "<group>";
		};
		889854811EF313BD00692FAF /* ChatApp */ = {
			isa = PBXGroup;
			children = (
				889854821EF313BD00692FAF /* AppDelegate.swift */,
				889854941EF32EEA00692FAF /* Controller */,
				889854861EF313BD00692FAF /* Main.storyboard */,
				889854891EF313BD00692FAF /* Assets.xcassets */,
				889854971F0184A000692FAF /* game-of-wolf.jpg */,
				8898548B1EF313BD00692FAF /* LaunchScreen.storyboard */,
				8898548E1EF313BD00692FAF /* Info.plist */,
				889854991F01DA6A00692FAF /* GoogleService-Info.plist */,
			);
			path = ChatApp;
			sourceTree = "<group>";
		};
		889854941EF32EEA00692FAF /* Controller */ = {
			isa = PBXGroup;
			children = (
				889854841EF313BD00692FAF /* ViewController.swift */,
				889854951EF32F6000692FAF /* LoginControlller.swift */,
			);
			name = Controller;
			sourceTree = "<group>";
		};
		B8BDDF9DDCAE8D8EC35CF05C /* Pods */ = {
			isa = PBXGroup;
			children = (
				19E6E39A2E60AFD69C57D8F8 /* Pods-ChatApp.debug.xcconfig */,
				22F84775718F8754A97E26AA /* Pods-ChatApp.release.xcconfig */,
			);
			name = Pods;
			sourceTree = "<group>";
		};
		D42FF969D4AA1377D27C7E0B /* Frameworks */ = {
			isa = PBXGroup;
			children = (
				2780DC4388EAA9E46C999C39 /* Pods_ChatApp.framework */,
			);
			name = Frameworks;
			sourceTree = "<group>";
		};
/* End PBXGroup section */

/* Begin PBXNativeTarget section */
		8898547E1EF313BD00692FAF /* ChatApp */ = {
			isa = PBXNativeTarget;
			buildConfigurationList = 889854911EF313BD00692FAF /* Build configuration list for PBXNativeTarget "ChatApp" */;
			buildPhases = (
				477362BC322A33EC68D376DD /* [CP] Check Pods Manifest.lock */,
				8898547B1EF313BD00692FAF /* Sources */,
				8898547C1EF313BD00692FAF /* Frameworks */,
				8898547D1EF313BD00692FAF /* Resources */,
				739A509C9D8522FDF3EAD41A /* [CP] Embed Pods Frameworks */,
				436569750F39CC6D0D29DEBA /* [CP] Copy Pods Resources */,
			);
			buildRules = (
			);
			dependencies = (
			);
			name = ChatApp;
			productName = ChatApp;
			productReference = 8898547F1EF313BD00692FAF /* ChatApp.app */;
			productType = "com.apple.product-type.application";
		};
/* End PBXNativeTarget section */

/* Begin PBXProject section */
		889854771EF313BD00692FAF /* Project object */ = {
			isa = PBXProject;
			attributes = {
				LastSwiftUpdateCheck = 0830;
				LastUpgradeCheck = 0830;
				ORGANIZATIONNAME = "Lamond Dixon";
				TargetAttributes = {
					8898547E1EF313BD00692FAF = {
						CreatedOnToolsVersion = 8.3.3;
						ProvisioningStyle = Automatic;
					};
				};
			};
			buildConfigurationList = 8898547A1EF313BD00692FAF /* Build configuration list for PBXProject "ChatApp" */;
			compatibilityVersion = "Xcode 3.2";
			developmentRegion = English;
			hasScannedForEncodings = 0;
			knownRegions = (
				en,
				Base,
			);
			mainGroup = 889854761EF313BD00692FAF;
			productRefGroup = 889854801EF313BD00692FAF /* Products */;
			projectDirPath = "";
			projectRoot = "";
			targets = (
				8898547E1EF313BD00692FAF /* ChatApp */,
			);
		};
/* End PBXProject section */

/* Begin PBXResourcesBuildPhase section */
		8898547D1EF313BD00692FAF /* Resources */ = {
			isa = PBXResourcesBuildPhase;
			buildActionMask = 2147483647;
			files = (
				889854981F0184A000692FAF /* game-of-wolf.jpg in Resources */,
				8898548D1EF313BD00692FAF /* LaunchScreen.storyboard in Resources */,
				8898549A1F01DA6A00692FAF /* GoogleService-Info.plist in Resources */,
				8898548A1EF313BD00692FAF /* Assets.xcassets in Resources */,
				889854881EF313BD00692FAF /* Main.storyboard in Resources */,
			);
			runOnlyForDeploymentPostprocessing = 0;
		};
/* End PBXResourcesBuildPhase section */

/* Begin PBXShellScriptBuildPhase section */
		436569750F39CC6D0D29DEBA /* [CP] Copy Pods Resources */ = {
			isa = PBXShellScriptBuildPhase;
			buildActionMask = 2147483647;
			files = (
			);
			inputPaths = (
			);
			name = "[CP] Copy Pods Resources";
			outputPaths = (
			);
			runOnlyForDeploymentPostprocessing = 0;
			shellPath = /bin/sh;
			shellScript = "\"${SRCROOT}/Pods/Target Support Files/Pods-ChatApp/Pods-ChatApp-resources.sh\"\n";
			showEnvVarsInLog = 0;
		};
		477362BC322A33EC68D376DD /* [CP] Check Pods Manifest.lock */ = {
			isa = PBXShellScriptBuildPhase;
			buildActionMask = 2147483647;
			files = (
			);
			inputPaths = (
			);
			name = "[CP] Check Pods Manifest.lock";
			outputPaths = (
			);
			runOnlyForDeploymentPostprocessing = 0;
			shellPath = /bin/sh;
			shellScript = "diff \"${PODS_PODFILE_DIR_PATH}/Podfile.lock\" \"${PODS_ROOT}/Manifest.lock\" > /dev/null\nif [ $? != 0 ] ; then\n    # print error to STDERR\n    echo \"error: The sandbox is not in sync with the Podfile.lock. Run 'pod install' or update your CocoaPods installation.\" >&2\n    exit 1\nfi\n";
			showEnvVarsInLog = 0;
		};
		739A509C9D8522FDF3EAD41A /* [CP] Embed Pods Frameworks */ = {
			isa = PBXShellScriptBuildPhase;
			buildActionMask = 2147483647;
			files = (
			);
			inputPaths = (
			);
			name = "[CP] Embed Pods Frameworks";
			outputPaths = (
			);
			runOnlyForDeploymentPostprocessing = 0;
			shellPath = /bin/sh;
			shellScript = "\"${SRCROOT}/Pods/Target Support Files/Pods-ChatApp/Pods-ChatApp-frameworks.sh\"\n";
			showEnvVarsInLog = 0;
		};
/* End PBXShellScriptBuildPhase section */

/* Begin PBXSourcesBuildPhase section */
		8898547B1EF313BD00692FAF /* Sources */ = {
			isa = PBXSourcesBuildPhase;
			buildActionMask = 2147483647;
			files = (
				889854851EF313BD00692FAF /* ViewController.swift in Sources */,
				889854831EF313BD00692FAF /* AppDelegate.swift in Sources */,
				889854961EF32F6000692FAF /* LoginControlller.swift in Sources */,
			);
			runOnlyForDeploymentPostprocessing = 0;
		};
/* End PBXSourcesBuildPhase section */

/* Begin PBXVariantGroup section */
		889854861EF313BD00692FAF /* Main.storyboard */ = {
			isa = PBXVariantGroup;
			children = (
				889854871EF313BD00692FAF /* Base */,
			);
			name = Main.storyboard;
			sourceTree = "<group>";
		};
		8898548B1EF313BD00692FAF /* LaunchScreen.storyboard */ = {
			isa = PBXVariantGroup;
			children = (
				8898548C1EF313BD00692FAF /* Base */,
			);
			name = LaunchScreen.storyboard;
			sourceTree = "<group>";
		};
/* End PBXVariantGroup section */

/* Begin XCBuildConfiguration section */
		8898548F1EF313BD00692FAF /* Debug */ = {
			isa = XCBuildConfiguration;
			buildSettings = {
				ALWAYS_SEARCH_USER_PATHS = NO;
				CLANG_ANALYZER_NONNULL = YES;
				CLANG_ANALYZER_NUMBER_OBJECT_CONVERSION = YES_AGGRESSIVE;
				CLANG_CXX_LANGUAGE_STANDARD = "gnu++0x";
				CLANG_CXX_LIBRARY = "libc++";
				CLANG_ENABLE_MODULES = YES;
				CLANG_ENABLE_OBJC_ARC = YES;
				CLANG_WARN_BOOL_CONVERSION = YES;
				CLANG_WARN_CONSTANT_CONVERSION = YES;
				CLANG_WARN_DIRECT_OBJC_ISA_USAGE = YES_ERROR;
				CLANG_WARN_DOCUMENTATION_COMMENTS = YES;
				CLANG_WARN_EMPTY_BODY = YES;
				CLANG_WARN_ENUM_CONVERSION = YES;
				CLANG_WARN_INFINITE_RECURSION = YES;
				CLANG_WARN_INT_CONVERSION = YES;
				CLANG_WARN_OBJC_ROOT_CLASS = YES_ERROR;
				CLANG_WARN_SUSPICIOUS_MOVE = YES;
				CLANG_WARN_UNREACHABLE_CODE = YES;
				CLANG_WARN__DUPLICATE_METHOD_MATCH = YES;
				"CODE_SIGN_IDENTITY[sdk=iphoneos*]" = "iPhone Developer";
				COPY_PHASE_STRIP = NO;
				DEBUG_INFORMATION_FORMAT = dwarf;
				ENABLE_STRICT_OBJC_MSGSEND = YES;
				ENABLE_TESTABILITY = YES;
				GCC_C_LANGUAGE_STANDARD = gnu99;
				GCC_DYNAMIC_NO_PIC = NO;
				GCC_NO_COMMON_BLOCKS = YES;
				GCC_OPTIMIZATION_LEVEL = 0;
				GCC_PREPROCESSOR_DEFINITIONS = (
					"DEBUG=1",
					"$(inherited)",
				);
				GCC_WARN_64_TO_32_BIT_CONVERSION = YES;
				GCC_WARN_ABOUT_RETURN_TYPE = YES_ERROR;
				GCC_WARN_UNDECLARED_SELECTOR = YES;
				GCC_WARN_UNINITIALIZED_AUTOS = YES_AGGRESSIVE;
				GCC_WARN_UNUSED_FUNCTION = YES;
				GCC_WARN_UNUSED_VARIABLE = YES;
				IPHONEOS_DEPLOYMENT_TARGET = 10.3;
				MTL_ENABLE_DEBUG_INFO = YES;
				ONLY_ACTIVE_ARCH = YES;
				SDKROOT = iphoneos;
				SWIFT_ACTIVE_COMPILATION_CONDITIONS = DEBUG;
				SWIFT_OPTIMIZATION_LEVEL = "-Onone";
				TARGETED_DEVICE_FAMILY = "1,2";
			};
			name = Debug;
		};
		889854901EF313BD00692FAF /* Release */ = {
			isa = XCBuildConfiguration;
			buildSettings = {
				ALWAYS_SEARCH_USER_PATHS = NO;
				CLANG_ANALYZER_NONNULL = YES;
				CLANG_ANALYZER_NUMBER_OBJECT_CONVERSION = YES_AGGRESSIVE;
				CLANG_CXX_LANGUAGE_STANDARD = "gnu++0x";
				CLANG_CXX_LIBRARY = "libc++";
				CLANG_ENABLE_MODULES = YES;
				CLANG_ENABLE_OBJC_ARC = YES;
				CLANG_WARN_BOOL_CONVERSION = YES;
				CLANG_WARN_CONSTANT_CONVERSION = YES;
				CLANG_WARN_DIRECT_OBJC_ISA_USAGE = YES_ERROR;
				CLANG_WARN_DOCUMENTATION_COMMENTS = YES;
				CLANG_WARN_EMPTY_BODY = YES;
				CLANG_WARN_ENUM_CONVERSION = YES;
				CLANG_WARN_INFINITE_RECURSION = YES;
				CLANG_WARN_INT_CONVERSION = YES;
				CLANG_WARN_OBJC_ROOT_CLASS = YES_ERROR;
				CLANG_WARN_SUSPICIOUS_MOVE = YES;
				CLANG_WARN_UNREACHABLE_CODE = YES;
				CLANG_WARN__DUPLICATE_METHOD_MATCH = YES;
				"CODE_SIGN_IDENTITY[sdk=iphoneos*]" = "iPhone Developer";
				COPY_PHASE_STRIP = NO;
				DEBUG_INFORMATION_FORMAT = "dwarf-with-dsym";
				ENABLE_NS_ASSERTIONS = NO;
				ENABLE_STRICT_OBJC_MSGSEND = YES;
				GCC_C_LANGUAGE_STANDARD = gnu99;
				GCC_NO_COMMON_BLOCKS = YES;
				GCC_WARN_64_TO_32_BIT_CONVERSION = YES;
				GCC_WARN_ABOUT_RETURN_TYPE = YES_ERROR;
				GCC_WARN_UNDECLARED_SELECTOR = YES;
				GCC_WARN_UNINITIALIZED_AUTOS = YES_AGGRESSIVE;
				GCC_WARN_UNUSED_FUNCTION = YES;
				GCC_WARN_UNUSED_VARIABLE = YES;
				IPHONEOS_DEPLOYMENT_TARGET = 10.3;
				MTL_ENABLE_DEBUG_INFO = NO;
				SDKROOT = iphoneos;
				SWIFT_OPTIMIZATION_LEVEL = "-Owholemodule";
				TARGETED_DEVICE_FAMILY = "1,2";
				VALIDATE_PRODUCT = YES;
			};
			name = Release;
		};
		889854921EF313BD00692FAF /* Debug */ = {
			isa = XCBuildConfiguration;
			baseConfigurationReference = 19E6E39A2E60AFD69C57D8F8 /* Pods-ChatApp.debug.xcconfig */;
			buildSettings = {
				ASSETCATALOG_COMPILER_APPICON_NAME = AppIcon;
				INFOPLIST_FILE = ChatApp/Info.plist;
				LD_RUNPATH_SEARCH_PATHS = "$(inherited) @executable_path/Frameworks";
				PRODUCT_BUNDLE_IDENTIFIER = dixonlamond.ChatApp;
				PRODUCT_NAME = "$(TARGET_NAME)";
				SWIFT_VERSION = 3.0;
			};
			name = Debug;
		};
		889854931EF313BD00692FAF /* Release */ = {
			isa = XCBuildConfiguration;
			baseConfigurationReference = 22F84775718F8754A97E26AA /* Pods-ChatApp.release.xcconfig */;
			buildSettings = {
				ASSETCATALOG_COMPILER_APPICON_NAME = AppIcon;
				INFOPLIST_FILE = ChatApp/Info.plist;
				LD_RUNPATH_SEARCH_PATHS = "$(inherited) @executable_path/Frameworks";
				PRODUCT_BUNDLE_IDENTIFIER = dixonlamond.ChatApp;
				PRODUCT_NAME = "$(TARGET_NAME)";
				SWIFT_VERSION = 3.0;
			};
			name = Release;
		};
/* End XCBuildConfiguration section */

/* Begin XCConfigurationList section */
		8898547A1EF313BD00692FAF /* Build configuration list for PBXProject "ChatApp" */ = {
			isa = XCConfigurationList;
			buildConfigurations = (
				8898548F1EF313BD00692FAF /* Debug */,
				889854901EF313BD00692FAF /* Release */,
			);
			defaultConfigurationIsVisible = 0;
			defaultConfigurationName = Release;
		};
		889854911EF313BD00692FAF /* Build configuration list for PBXNativeTarget "ChatApp" */ = {
			isa = XCConfigurationList;
			buildConfigurations = (
				889854921EF313BD00692FAF /* Debug */,
				889854931EF313BD00692FAF /* Release */,
			);
			defaultConfigurationIsVisible = 0;
			defaultConfigurationName = Release;
		};
/* End XCConfigurationList section */
	};
	rootObject = 889854771EF313BD00692FAF /* Project object */;
}
